
Microsoft Visual Studio Solution File, Format Version 12.00
# Visual Studio Version 17
VisualStudioVersion = 17.6.33801.468
MinimumVisualStudioVersion = 10.0.40219.1
Project("{FAE04EC0-301F-11D3-BF4B-00C04F79EFBC}") = "Api", "src\Api\Api.csproj", "{F005FF89-FA0F-4A4A-B394-6E61C7A8640E}"
EndProject
Project("{FAE04EC0-301F-11D3-BF4B-00C04F79EFBC}") = "Core", "Core\Core.csproj", "{0C73D843-47DB-42AD-9BFD-09B6807BA48B}"
EndProject
Project("{FAE04EC0-301F-11D3-BF4B-00C04F79EFBC}") = "Infrastructure", "Infrastructure\Infrastructure.csproj", "{51F12789-A308-40C7-B568-EEF7C710FBF2}"
EndProject
Global
	GlobalSection(SolutionConfigurationPlatforms) = preSolution
		Debug|Any CPU = Debug|Any CPU
		Release|Any CPU = Release|Any CPU
	EndGlobalSection
	GlobalSection(ProjectConfigurationPlatforms) = postSolution
		{F005FF89-FA0F-4A4A-B394-6E61C7A8640E}.Debug|Any CPU.ActiveCfg = Debug|Any CPU
		{F005FF89-FA0F-4A4A-B394-6E61C7A8640E}.Debug|Any CPU.Build.0 = Debug|Any CPU
		{F005FF89-FA0F-4A4A-B394-6E61C7A8640E}.Release|Any CPU.ActiveCfg = Release|Any CPU
		{F005FF89-FA0F-4A4A-B394-6E61C7A8640E}.Release|Any CPU.Build.0 = Release|Any CPU
		{0C73D843-47DB-42AD-9BFD-09B6807BA48B}.Debug|Any CPU.ActiveCfg = Debug|Any CPU
		{0C73D843-47DB-42AD-9BFD-09B6807BA48B}.Debug|Any CPU.Build.0 = Debug|Any CPU
		{0C73D843-47DB-42AD-9BFD-09B6807BA48B}.Release|Any CPU.ActiveCfg = Release|Any CPU
		{0C73D843-47DB-42AD-9BFD-09B6807BA48B}.Release|Any CPU.Build.0 = Release|Any CPU
		{51F12789-A308-40C7-B568-EEF7C710FBF2}.Debug|Any CPU.ActiveCfg = Debug|Any CPU
		{51F12789-A308-40C7-B568-EEF7C710FBF2}.Debug|Any CPU.Build.0 = Debug|Any CPU
		{51F12789-A308-40C7-B568-EEF7C710FBF2}.Release|Any CPU.ActiveCfg = Release|Any CPU
		{51F12789-A308-40C7-B568-EEF7C710FBF2}.Release|Any CPU.Build.0 = Release|Any CPU
	EndGlobalSection
	GlobalSection(SolutionProperties) = preSolution
		HideSolutionNode = FALSE
	EndGlobalSection
	GlobalSection(ExtensibilityGlobals) = postSolution
		SolutionGuid = {9438BFAA-29D2-49B7-B19B-D10EEBDF06B8}
	EndGlobalSection
EndGlobal
